
Microsoft Visual Studio Solution File, Format Version 12.00
Project("{FAE04EC0-301F-11D3-BF4B-00C04F79EFBC}") = "ADD_InternalEventBus", "ADD_InternalEventBus\ADD_InternalEventBus.csproj", "{A9658D8C-CC9A-4051-8CB7-576BA5954D60}"
EndProject
Global
	GlobalSection(SolutionConfigurationPlatforms) = preSolution
		Debug|Any CPU = Debug|Any CPU
		Release|Any CPU = Release|Any CPU
	EndGlobalSection
	GlobalSection(ProjectConfigurationPlatforms) = postSolution
		{A9658D8C-CC9A-4051-8CB7-576BA5954D60}.Debug|Any CPU.ActiveCfg = Debug|Any CPU
		{A9658D8C-CC9A-4051-8CB7-576BA5954D60}.Debug|Any CPU.Build.0 = Debug|Any CPU
		{A9658D8C-CC9A-4051-8CB7-576BA5954D60}.Release|Any CPU.ActiveCfg = Release|Any CPU
		{A9658D8C-CC9A-4051-8CB7-576BA5954D60}.Release|Any CPU.Build.0 = Release|Any CPU
	EndGlobalSection
EndGlobal
